# THIS IS AN AUTOGENERATED FILE. DO NOT EDIT THIS FILE DIRECTLY.
# yarn lockfile v1


"@tbxark/proxy-config-worker@1.0.1":
  version "1.0.1"
  resolved "https://npm.pkg.github.com/download/@tbxark/proxy-config-worker/1.0.1/87476b160131b2033fc6aaebee1d12b1c4977e6d87875259bd73fdf56e9f8c89#8018c3d472114e5c6b94a003ccfbe12b1d6e2d42"
  integrity sha512-FNr2bi90l9C6H/CIlAz3fTpCCMRP93x+zePRajukZOW5gxAEhfWHPhhK7iW062hYwdJFSI6nkNp0JfkmgMCL7g==
