# THIS IS AN AUTOGENERATED FILE. DO NOT EDIT THIS FILE DIRECTLY.
# yarn lockfile v1


"@tbxark/proxy-config-worker@1.0.2":
  version "1.0.2"
  resolved "https://npm.pkg.github.com/download/@tbxark/proxy-config-worker/1.0.2/c9bae3c01ae2eca5da3d52a81469ba90833a17adf7a6a82ead3acdaabda5351c#9cfcaacc20c550070f5f860376a1dbdf87ff2f0c"
  integrity sha512-imnqCYJ6LsyYOyh1NHIreaPhfzeMhC6PUkbrm9hldLL7w5O/CXfPJ5teRvf1CTcRqK8BRC7SmmpNrhEu+WZ8Fg==
